// !$*UTF8*$!
{
	archiveVersion = 1;
	classes = {
	};
	objectVersion = 48;
	objects = {

/* Begin PBXBuildFile section */
		1BBD81551FA22BB400AEA697 /* AppDelegate.swift in Sources */ = {isa = PBXBuildFile; fileRef = 1BBD81541FA22BB400AEA697 /* AppDelegate.swift */; };
		1BBD81571FA22BB400AEA697 /* TwoImagesViewController.swift in Sources */ = {isa = PBXBuildFile; fileRef = 1BBD81561FA22BB400AEA697 /* TwoImagesViewController.swift */; };
		1BBD815A1FA22BB400AEA697 /* Main.storyboard in Resources */ = {isa = PBXBuildFile; fileRef = 1BBD81581FA22BB400AEA697 /* Main.storyboard */; };
		1BBD815C1FA22BB400AEA697 /* Assets.xcassets in Resources */ = {isa = PBXBuildFile; fileRef = 1BBD815B1FA22BB400AEA697 /* Assets.xcassets */; };
		1BBD815F1FA22BB400AEA697 /* LaunchScreen.storyboard in Resources */ = {isa = PBXBuildFile; fileRef = 1BBD815D1FA22BB400AEA697 /* LaunchScreen.storyboard */; };
/* End PBXBuildFile section */

/* Begin PBXFileReference section */
		1BBD81511FA22BB400AEA697 /* image-frame.app */ = {isa = PBXFileReference; explicitFileType = wrapper.application; includeInIndex = 0; path = "image-frame.app"; sourceTree = BUILT_PRODUCTS_DIR; };
		1BBD81541FA22BB400AEA697 /* AppDelegate.swift */ = {isa = PBXFileReference; lastKnownFileType = sourcecode.swift; path = AppDelegate.swift; sourceTree = "<group>"; };
		1BBD81561FA22BB400AEA697 /* TwoImagesViewController.swift */ = {isa = PBXFileReference; lastKnownFileType = sourcecode.swift; path = TwoImagesViewController.swift; sourceTree = "<group>"; };
		1BBD81591FA22BB400AEA697 /* Base */ = {isa = PBXFileReference; lastKnownFileType = file.storyboard; name = Base; path = Base.lproj/Main.storyboard; sourceTree = "<group>"; };
		1BBD815B1FA22BB400AEA697 /* Assets.xcassets */ = {isa = PBXFileReference; lastKnownFileType = folder.assetcatalog; path = Assets.xcassets; sourceTree = "<group>"; };
		1BBD815E1FA22BB400AEA697 /* Base */ = {isa = PBXFileReference; lastKnownFileType = file.storyboard; name = Base; path = Base.lproj/LaunchScreen.storyboard; sourceTree = "<group>"; };
		1BBD81601FA22BB400AEA697 /* Info.plist */ = {isa = PBXFileReference; lastKnownFileType = text.plist.xml; path = Info.plist; sourceTree = "<group>"; };
/* End PBXFileReference section */

/* Begin PBXFrameworksBuildPhase section */
		1BBD814E1FA22BB400AEA697 /* Frameworks */ = {
			isa = PBXFrameworksBuildPhase;
			buildActionMask = 2147483647;
			files = (
			);
			runOnlyForDeploymentPostprocessing = 0;
		};
/* End PBXFrameworksBuildPhase section */

/* Begin PBXGroup section */
		1BBD81481FA22BB400AEA697 = {
			isa = PBXGroup;
			children = (
				1BBD81531FA22BB400AEA697 /* image-frame */,
				1BBD81521FA22BB400AEA697 /* Products */,
			);
			sourceTree = "<group>";
		};
		1BBD81521FA22BB400AEA697 /* Products */ = {
			isa = PBXGroup;
			children = (
				1BBD81511FA22BB400AEA697 /* image-frame.app */,
			);
			name = Products;
			sourceTree = "<group>";
		};
		1BBD81531FA22BB400AEA697 /* image-frame */ = {
			isa = PBXGroup;
			children = (
				1BBD81541FA22BB400AEA697 /* AppDelegate.swift */,
				1BBD81561FA22BB400AEA697 /* TwoImagesViewController.swift */,
				1BBD81581FA22BB400AEA697 /* Main.storyboard */,
				1BBD815B1FA22BB400AEA697 /* Assets.xcassets */,
				1BBD815D1FA22BB400AEA697 /* LaunchScreen.storyboard */,
				1BBD81601FA22BB400AEA697 /* Info.plist */,
			);
			path = "image-frame";
			sourceTree = "<group>";
		};
/* End PBXGroup section */

/* Begin PBXNativeTarget section */
		1BBD81501FA22BB400AEA697 /* image-frame */ = {
			isa = PBXNativeTarget;
			buildConfigurationList = 1BBD81631FA22BB400AEA697 /* Build configuration list for PBXNativeTarget "image-frame" */;
			buildPhases = (
				1BBD814D1FA22BB400AEA697 /* Sources */,
				1BBD814E1FA22BB400AEA697 /* Frameworks */,
				1BBD814F1FA22BB400AEA697 /* Resources */,
			);
			buildRules = (
			);
			dependencies = (
			);
			name = "image-frame";
			productName = "image-frame";
			productReference = 1BBD81511FA22BB400AEA697 /* image-frame.app */;
			productType = "com.apple.product-type.application";
		};
/* End PBXNativeTarget section */

/* Begin PBXProject section */
		1BBD81491FA22BB400AEA697 /* Project object */ = {
			isa = PBXProject;
			attributes = {
				LastSwiftUpdateCheck = 0900;
				LastUpgradeCheck = 0900;
				ORGANIZATIONNAME = "Kamil Szostakowski";
				TargetAttributes = {
					1BBD81501FA22BB400AEA697 = {
						CreatedOnToolsVersion = 9.0;
						ProvisioningStyle = Automatic;
					};
				};
			};
			buildConfigurationList = 1BBD814C1FA22BB400AEA697 /* Build configuration list for PBXProject "image-frame" */;
			compatibilityVersion = "Xcode 8.0";
			developmentRegion = en;
			hasScannedForEncodings = 0;
			knownRegions = (
				en,
				Base,
			);
			mainGroup = 1BBD81481FA22BB400AEA697;
			productRefGroup = 1BBD81521FA22BB400AEA697 /* Products */;
			projectDirPath = "";
			projectRoot = "";
			targets = (
				1BBD81501FA22BB400AEA697 /* image-frame */,
			);
		};
/* End PBXProject section */

/* Begin PBXResourcesBuildPhase section */
		1BBD814F1FA22BB400AEA697 /* Resources */ = {
			isa = PBXResourcesBuildPhase;
			buildActionMask = 2147483647;
			files = (
				1BBD815F1FA22BB400AEA697 /* LaunchScreen.storyboard in Resources */,
				1BBD815C1FA22BB400AEA697 /* Assets.xcassets in Resources */,
				1BBD815A1FA22BB400AEA697 /* Main.storyboard in Resources */,
			);
			runOnlyForDeploymentPostprocessing = 0;
		};
/* End PBXResourcesBuildPhase section */

/* Begin PBXSourcesBuildPhase section */
		1BBD814D1FA22BB400AEA697 /* Sources */ = {
			isa = PBXSourcesBuildPhase;
			buildActionMask = 2147483647;
			files = (
				1BBD81571FA22BB400AEA697 /* TwoImagesViewController.swift in Sources */,
				1BBD81551FA22BB400AEA697 /* AppDelegate.swift in Sources */,
			);
			runOnlyForDeploymentPostprocessing = 0;
		};
/* End PBXSourcesBuildPhase section */

/* Begin PBXVariantGroup section */
		1BBD81581FA22BB400AEA697 /* Main.storyboard */ = {
			isa = PBXVariantGroup;
			children = (
				1BBD81591FA22BB400AEA697 /* Base */,
			);
			name = Main.storyboard;
			sourceTree = "<group>";
		};
		1BBD815D1FA22BB400AEA697 /* LaunchScreen.storyboard */ = {
			isa = PBXVariantGroup;
			children = (
				1BBD815E1FA22BB400AEA697 /* Base */,
			);
			name = LaunchScreen.storyboard;
			sourceTree = "<group>";
		};
/* End PBXVariantGroup section */

/* Begin XCBuildConfiguration section */
		1BBD81611FA22BB400AEA697 /* Debug */ = {
			isa = XCBuildConfiguration;
			buildSettings = {
				ALWAYS_SEARCH_USER_PATHS = NO;
				CLANG_ANALYZER_NONNULL = YES;
				CLANG_ANALYZER_NUMBER_OBJECT_CONVERSION = YES_AGGRESSIVE;
				CLANG_CXX_LANGUAGE_STANDARD = "gnu++14";
				CLANG_CXX_LIBRARY = "libc++";
				CLANG_ENABLE_MODULES = YES;
				CLANG_ENABLE_OBJC_ARC = YES;
				CLANG_WARN_BLOCK_CAPTURE_AUTORELEASING = YES;
				CLANG_WARN_BOOL_CONVERSION = YES;
				CLANG_WARN_COMMA = YES;
				CLANG_WARN_CONSTANT_CONVERSION = YES;
				CLANG_WARN_DIRECT_OBJC_ISA_USAGE = YES_ERROR;
				CLANG_WARN_DOCUMENTATION_COMMENTS = YES;
				CLANG_WARN_EMPTY_BODY = YES;
				CLANG_WARN_ENUM_CONVERSION = YES;
				CLANG_WARN_INFINITE_RECURSION = YES;
				CLANG_WARN_INT_CONVERSION = YES;
				CLANG_WARN_NON_LITERAL_NULL_CONVERSION = YES;
				CLANG_WARN_OBJC_LITERAL_CONVERSION = YES;
				CLANG_WARN_OBJC_ROOT_CLASS = YES_ERROR;
				CLANG_WARN_RANGE_LOOP_ANALYSIS = YES;
				CLANG_WARN_STRICT_PROTOTYPES = YES;
				CLANG_WARN_SUSPICIOUS_MOVE = YES;
				CLANG_WARN_UNGUARDED_AVAILABILITY = YES_AGGRESSIVE;
				CLANG_WARN_UNREACHABLE_CODE = YES;
				CLANG_WARN__DUPLICATE_METHOD_MATCH = YES;
				CODE_SIGN_IDENTITY = "iPhone Developer";
				COPY_PHASE_STRIP = NO;
				DEBUG_INFORMATION_FORMAT = dwarf;
				ENABLE_STRICT_OBJC_MSGSEND = YES;
				ENABLE_TESTABILITY = YES;
				GCC_C_LANGUAGE_STANDARD = gnu11;
				GCC_DYNAMIC_NO_PIC = NO;
				GCC_NO_COMMON_BLOCKS = YES;
				GCC_OPTIMIZATION_LEVEL = 0;
				GCC_PREPROCESSOR_DEFINITIONS = (
					"DEBUG=1",
					"$(inherited)",
				);
				GCC_WARN_64_TO_32_BIT_CONVERSION = YES;
				GCC_WARN_ABOUT_RETURN_TYPE = YES_ERROR;
				GCC_WARN_UNDECLARED_SELECTOR = YES;
				GCC_WARN_UNINITIALIZED_AUTOS = YES_AGGRESSIVE;
				GCC_WARN_UNUSED_FUNCTION = YES;
				GCC_WARN_UNUSED_VARIABLE = YES;
				IPHONEOS_DEPLOYMENT_TARGET = 11.0;
				MTL_ENABLE_DEBUG_INFO = YES;
				ONLY_ACTIVE_ARCH = YES;
				SDKROOT = iphoneos;
				SWIFT_ACTIVE_COMPILATION_CONDITIONS = DEBUG;
				SWIFT_OPTIMIZATION_LEVEL = "-Onone";
			};
			name = Debug;
		};
		1BBD81621FA22BB400AEA697 /* Release */ = {
			isa = XCBuildConfiguration;
			buildSettings = {
				ALWAYS_SEARCH_USER_PATHS = NO;
				CLANG_ANALYZER_NONNULL = YES;
				CLANG_ANALYZER_NUMBER_OBJECT_CONVERSION = YES_AGGRESSIVE;
				CLANG_CXX_LANGUAGE_STANDARD = "gnu++14";
				CLANG_CXX_LIBRARY = "libc++";
				CLANG_ENABLE_MODULES = YES;
				CLANG_ENABLE_OBJC_ARC = YES;
				CLANG_WARN_BLOCK_CAPTURE_AUTORELEASING = YES;
				CLANG_WARN_BOOL_CONVERSION = YES;
				CLANG_WARN_COMMA = YES;
				CLANG_WARN_CONSTANT_CONVERSION = YES;
				CLANG_WARN_DIRECT_OBJC_ISA_USAGE = YES_ERROR;
				CLANG_WARN_DOCUMENTATION_COMMENTS = YES;
				CLANG_WARN_EMPTY_BODY = YES;
				CLANG_WARN_ENUM_CONVERSION = YES;
				CLANG_WARN_INFINITE_RECURSION = YES;
				CLANG_WARN_INT_CONVERSION = YES;
				CLANG_WARN_NON_LITERAL_NULL_CONVERSION = YES;
				CLANG_WARN_OBJC_LITERAL_CONVERSION = YES;
				CLANG_WARN_OBJC_ROOT_CLASS = YES_ERROR;
				CLANG_WARN_RANGE_LOOP_ANALYSIS = YES;
				CLANG_WARN_STRICT_PROTOTYPES = YES;
				CLANG_WARN_SUSPICIOUS_MOVE = YES;
				CLANG_WARN_UNGUARDED_AVAILABILITY = YES_AGGRESSIVE;
				CLANG_WARN_UNREACHABLE_CODE = YES;
				CLANG_WARN__DUPLICATE_METHOD_MATCH = YES;
				CODE_SIGN_IDENTITY = "iPhone Developer";
				COPY_PHASE_STRIP = NO;
				DEBUG_INFORMATION_FORMAT = "dwarf-with-dsym";
				ENABLE_NS_ASSERTIONS = NO;
				ENABLE_STRICT_OBJC_MSGSEND = YES;
				GCC_C_LANGUAGE_STANDARD = gnu11;
				GCC_NO_COMMON_BLOCKS = YES;
				GCC_WARN_64_TO_32_BIT_CONVERSION = YES;
				GCC_WARN_ABOUT_RETURN_TYPE = YES_ERROR;
				GCC_WARN_UNDECLARED_SELECTOR = YES;
				GCC_WARN_UNINITIALIZED_AUTOS = YES_AGGRESSIVE;
				GCC_WARN_UNUSED_FUNCTION = YES;
				GCC_WARN_UNUSED_VARIABLE = YES;
				IPHONEOS_DEPLOYMENT_TARGET = 11.0;
				MTL_ENABLE_DEBUG_INFO = NO;
				SDKROOT = iphoneos;
				SWIFT_OPTIMIZATION_LEVEL = "-Owholemodule";
				VALIDATE_PRODUCT = YES;
			};
			name = Release;
		};
		1BBD81641FA22BB400AEA697 /* Debug */ = {
			isa = XCBuildConfiguration;
			buildSettings = {
				ASSETCATALOG_COMPILER_APPICON_NAME = AppIcon;
				CODE_SIGN_STYLE = Automatic;
				DEVELOPMENT_TEAM = GMU6W6K8X6;
				INFOPLIST_FILE = "image-frame/Info.plist";
				LD_RUNPATH_SEARCH_PATHS = "$(inherited) @executable_path/Frameworks";
				PRODUCT_BUNDLE_IDENTIFIER = "com.szostakowski.image-frame";
				PRODUCT_NAME = "$(TARGET_NAME)";
				SWIFT_VERSION = 4.0;
				TARGETED_DEVICE_FAMILY = "1,2";
			};
			name = Debug;
		};
		1BBD81651FA22BB400AEA697 /* Release */ = {
			isa = XCBuildConfiguration;
			buildSettings = {
				ASSETCATALOG_COMPILER_APPICON_NAME = AppIcon;
				CODE_SIGN_STYLE = Automatic;
				DEVELOPMENT_TEAM = GMU6W6K8X6;
				INFOPLIST_FILE = "image-frame/Info.plist";
				LD_RUNPATH_SEARCH_PATHS = "$(inherited) @executable_path/Frameworks";
				PRODUCT_BUNDLE_IDENTIFIER = "com.szostakowski.image-frame";
				PRODUCT_NAME = "$(TARGET_NAME)";
				SWIFT_VERSION = 4.0;
				TARGETED_DEVICE_FAMILY = "1,2";
			};
			name = Release;
		};
/* End XCBuildConfiguration section */

/* Begin XCConfigurationList section */
		1BBD814C1FA22BB400AEA697 /* Build configuration list for PBXProject "image-frame" */ = {
			isa = XCConfigurationList;
			buildConfigurations = (
				1BBD81611FA22BB400AEA697 /* Debug */,
				1BBD81621FA22BB400AEA697 /* Release */,
			);
			defaultConfigurationIsVisible = 0;
			defaultConfigurationName = Release;
		};
		1BBD81631FA22BB400AEA697 /* Build configuration list for PBXNativeTarget "image-frame" */ = {
			isa = XCConfigurationList;
			buildConfigurations = (
				1BBD81641FA22BB400AEA697 /* Debug */,
				1BBD81651FA22BB400AEA697 /* Release */,
			);
			defaultConfigurationIsVisible = 0;
			defaultConfigurationName = Release;
		};
/* End XCConfigurationList section */
	};
	rootObject = 1BBD81491FA22BB400AEA697 /* Project object */;
}
