// !$*UTF8*$!
{
	archiveVersion = 1;
	classes = {
	};
	objectVersion = 48;
	objects = {

/* Begin PBXBuildFile section */
		1B7B48DE20081ACA0037C7CE /* AppDelegate.swift in Sources */ = {isa = PBXBuildFile; fileRef = 1B7B48DD20081ACA0037C7CE /* AppDelegate.swift */; };
		1B7B48E320081ACA0037C7CE /* Main.storyboard in Resources */ = {isa = PBXBuildFile; fileRef = 1B7B48E120081ACA0037C7CE /* Main.storyboard */; };
		1B7B48E520081ACA0037C7CE /* Assets.xcassets in Resources */ = {isa = PBXBuildFile; fileRef = 1B7B48E420081ACA0037C7CE /* Assets.xcassets */; };
		1B7B48E820081ACA0037C7CE /* LaunchScreen.storyboard in Resources */ = {isa = PBXBuildFile; fileRef = 1B7B48E620081ACA0037C7CE /* LaunchScreen.storyboard */; };
		1B7B48F020081B260037C7CE /* FirstController.swift in Sources */ = {isa = PBXBuildFile; fileRef = 1B7B48EF20081B260037C7CE /* FirstController.swift */; };
		1B7B48F220081B310037C7CE /* SecondController.swift in Sources */ = {isa = PBXBuildFile; fileRef = 1B7B48F120081B310037C7CE /* SecondController.swift */; };
		1B7B48F420081B3C0037C7CE /* ReusableTableView.swift in Sources */ = {isa = PBXBuildFile; fileRef = 1B7B48F320081B3C0037C7CE /* ReusableTableView.swift */; };
		1B7B48F820081B950037C7CE /* Cells.swift in Sources */ = {isa = PBXBuildFile; fileRef = 1B7B48F720081B950037C7CE /* Cells.swift */; };
		1B7B48FC20081BAA0037C7CE /* FirstCell.xib in Resources */ = {isa = PBXBuildFile; fileRef = 1B7B48FB20081BAA0037C7CE /* FirstCell.xib */; };
		1B7B48FE20081BB40037C7CE /* SecondCell.xib in Resources */ = {isa = PBXBuildFile; fileRef = 1B7B48FD20081BB40037C7CE /* SecondCell.xib */; };
/* End PBXBuildFile section */

/* Begin PBXFileReference section */
		1B7B48DA20081ACA0037C7CE /* reusable-table-view.app */ = {isa = PBXFileReference; explicitFileType = wrapper.application; includeInIndex = 0; path = "reusable-table-view.app"; sourceTree = BUILT_PRODUCTS_DIR; };
		1B7B48DD20081ACA0037C7CE /* AppDelegate.swift */ = {isa = PBXFileReference; lastKnownFileType = sourcecode.swift; path = AppDelegate.swift; sourceTree = "<group>"; };
		1B7B48E220081ACA0037C7CE /* Base */ = {isa = PBXFileReference; lastKnownFileType = file.storyboard; name = Base; path = Base.lproj/Main.storyboard; sourceTree = "<group>"; };
		1B7B48E420081ACA0037C7CE /* Assets.xcassets */ = {isa = PBXFileReference; lastKnownFileType = folder.assetcatalog; path = Assets.xcassets; sourceTree = "<group>"; };
		1B7B48E720081ACA0037C7CE /* Base */ = {isa = PBXFileReference; lastKnownFileType = file.storyboard; name = Base; path = Base.lproj/LaunchScreen.storyboard; sourceTree = "<group>"; };
		1B7B48E920081ACB0037C7CE /* Info.plist */ = {isa = PBXFileReference; lastKnownFileType = text.plist.xml; path = Info.plist; sourceTree = "<group>"; };
		1B7B48EF20081B260037C7CE /* FirstController.swift */ = {isa = PBXFileReference; lastKnownFileType = sourcecode.swift; path = FirstController.swift; sourceTree = "<group>"; };
		1B7B48F120081B310037C7CE /* SecondController.swift */ = {isa = PBXFileReference; lastKnownFileType = sourcecode.swift; path = SecondController.swift; sourceTree = "<group>"; };
		1B7B48F320081B3C0037C7CE /* ReusableTableView.swift */ = {isa = PBXFileReference; lastKnownFileType = sourcecode.swift; path = ReusableTableView.swift; sourceTree = "<group>"; };
		1B7B48F720081B950037C7CE /* Cells.swift */ = {isa = PBXFileReference; lastKnownFileType = sourcecode.swift; path = Cells.swift; sourceTree = "<group>"; };
		1B7B48FB20081BAA0037C7CE /* FirstCell.xib */ = {isa = PBXFileReference; lastKnownFileType = file.xib; path = FirstCell.xib; sourceTree = "<group>"; };
		1B7B48FD20081BB40037C7CE /* SecondCell.xib */ = {isa = PBXFileReference; lastKnownFileType = file.xib; path = SecondCell.xib; sourceTree = "<group>"; };
/* End PBXFileReference section */

/* Begin PBXFrameworksBuildPhase section */
		1B7B48D720081ACA0037C7CE /* Frameworks */ = {
			isa = PBXFrameworksBuildPhase;
			buildActionMask = 2147483647;
			files = (
			);
			runOnlyForDeploymentPostprocessing = 0;
		};
/* End PBXFrameworksBuildPhase section */

/* Begin PBXGroup section */
		1B7B48D120081ACA0037C7CE = {
			isa = PBXGroup;
			children = (
				1B7B48DC20081ACA0037C7CE /* reusable-table-view */,
				1B7B48DB20081ACA0037C7CE /* Products */,
			);
			sourceTree = "<group>";
		};
		1B7B48DB20081ACA0037C7CE /* Products */ = {
			isa = PBXGroup;
			children = (
				1B7B48DA20081ACA0037C7CE /* reusable-table-view.app */,
			);
			name = Products;
			sourceTree = "<group>";
		};
		1B7B48DC20081ACA0037C7CE /* reusable-table-view */ = {
			isa = PBXGroup;
			children = (
				1B7B48F620081B7F0037C7CE /* Controllers */,
				1B7B48F520081B720037C7CE /* TableView */,
				1B7B48DD20081ACA0037C7CE /* AppDelegate.swift */,
				1B7B48E120081ACA0037C7CE /* Main.storyboard */,
				1B7B48E420081ACA0037C7CE /* Assets.xcassets */,
				1B7B48E620081ACA0037C7CE /* LaunchScreen.storyboard */,
				1B7B48E920081ACB0037C7CE /* Info.plist */,
			);
			path = "reusable-table-view";
			sourceTree = "<group>";
		};
		1B7B48F520081B720037C7CE /* TableView */ = {
			isa = PBXGroup;
			children = (
				1B7B48F320081B3C0037C7CE /* ReusableTableView.swift */,
				1B7B48F720081B950037C7CE /* Cells.swift */,
				1B7B48FB20081BAA0037C7CE /* FirstCell.xib */,
				1B7B48FD20081BB40037C7CE /* SecondCell.xib */,
			);
			path = TableView;
			sourceTree = "<group>";
		};
		1B7B48F620081B7F0037C7CE /* Controllers */ = {
			isa = PBXGroup;
			children = (
				1B7B48EF20081B260037C7CE /* FirstController.swift */,
				1B7B48F120081B310037C7CE /* SecondController.swift */,
			);
			path = Controllers;
			sourceTree = "<group>";
		};
/* End PBXGroup section */

/* Begin PBXNativeTarget section */
		1B7B48D920081ACA0037C7CE /* reusable-table-view */ = {
			isa = PBXNativeTarget;
			buildConfigurationList = 1B7B48EC20081ACB0037C7CE /* Build configuration list for PBXNativeTarget "reusable-table-view" */;
			buildPhases = (
				1B7B48D620081ACA0037C7CE /* Sources */,
				1B7B48D720081ACA0037C7CE /* Frameworks */,
				1B7B48D820081ACA0037C7CE /* Resources */,
			);
			buildRules = (
			);
			dependencies = (
			);
			name = "reusable-table-view";
			productName = "reusable-table-view";
			productReference = 1B7B48DA20081ACA0037C7CE /* reusable-table-view.app */;
			productType = "com.apple.product-type.application";
		};
/* End PBXNativeTarget section */

/* Begin PBXProject section */
		1B7B48D220081ACA0037C7CE /* Project object */ = {
			isa = PBXProject;
			attributes = {
				LastSwiftUpdateCheck = 0920;
				LastUpgradeCheck = 0920;
				ORGANIZATIONNAME = "Kamil Szostakowski";
				TargetAttributes = {
					1B7B48D920081ACA0037C7CE = {
						CreatedOnToolsVersion = 9.2;
						ProvisioningStyle = Automatic;
					};
				};
			};
			buildConfigurationList = 1B7B48D520081ACA0037C7CE /* Build configuration list for PBXProject "reusable-table-view" */;
			compatibilityVersion = "Xcode 8.0";
			developmentRegion = en;
			hasScannedForEncodings = 0;
			knownRegions = (
				en,
				Base,
			);
			mainGroup = 1B7B48D120081ACA0037C7CE;
			productRefGroup = 1B7B48DB20081ACA0037C7CE /* Products */;
			projectDirPath = "";
			projectRoot = "";
			targets = (
				1B7B48D920081ACA0037C7CE /* reusable-table-view */,
			);
		};
/* End PBXProject section */

/* Begin PBXResourcesBuildPhase section */
		1B7B48D820081ACA0037C7CE /* Resources */ = {
			isa = PBXResourcesBuildPhase;
			buildActionMask = 2147483647;
			files = (
				1B7B48FE20081BB40037C7CE /* SecondCell.xib in Resources */,
				1B7B48E820081ACA0037C7CE /* LaunchScreen.storyboard in Resources */,
				1B7B48E520081ACA0037C7CE /* Assets.xcassets in Resources */,
				1B7B48FC20081BAA0037C7CE /* FirstCell.xib in Resources */,
				1B7B48E320081ACA0037C7CE /* Main.storyboard in Resources */,
			);
			runOnlyForDeploymentPostprocessing = 0;
		};
/* End PBXResourcesBuildPhase section */

/* Begin PBXSourcesBuildPhase section */
		1B7B48D620081ACA0037C7CE /* Sources */ = {
			isa = PBXSourcesBuildPhase;
			buildActionMask = 2147483647;
			files = (
				1B7B48F420081B3C0037C7CE /* ReusableTableView.swift in Sources */,
				1B7B48F220081B310037C7CE /* SecondController.swift in Sources */,
				1B7B48F020081B260037C7CE /* FirstController.swift in Sources */,
				1B7B48DE20081ACA0037C7CE /* AppDelegate.swift in Sources */,
				1B7B48F820081B950037C7CE /* Cells.swift in Sources */,
			);
			runOnlyForDeploymentPostprocessing = 0;
		};
/* End PBXSourcesBuildPhase section */

/* Begin PBXVariantGroup section */
		1B7B48E120081ACA0037C7CE /* Main.storyboard */ = {
			isa = PBXVariantGroup;
			children = (
				1B7B48E220081ACA0037C7CE /* Base */,
			);
			name = Main.storyboard;
			sourceTree = "<group>";
		};
		1B7B48E620081ACA0037C7CE /* LaunchScreen.storyboard */ = {
			isa = PBXVariantGroup;
			children = (
				1B7B48E720081ACA0037C7CE /* Base */,
			);
			name = LaunchScreen.storyboard;
			sourceTree = "<group>";
		};
/* End PBXVariantGroup section */

/* Begin XCBuildConfiguration section */
		1B7B48EA20081ACB0037C7CE /* Debug */ = {
			isa = XCBuildConfiguration;
			buildSettings = {
				ALWAYS_SEARCH_USER_PATHS = NO;
				CLANG_ANALYZER_NONNULL = YES;
				CLANG_ANALYZER_NUMBER_OBJECT_CONVERSION = YES_AGGRESSIVE;
				CLANG_CXX_LANGUAGE_STANDARD = "gnu++14";
				CLANG_CXX_LIBRARY = "libc++";
				CLANG_ENABLE_MODULES = YES;
				CLANG_ENABLE_OBJC_ARC = YES;
				CLANG_WARN_BLOCK_CAPTURE_AUTORELEASING = YES;
				CLANG_WARN_BOOL_CONVERSION = YES;
				CLANG_WARN_COMMA = YES;
				CLANG_WARN_CONSTANT_CONVERSION = YES;
				CLANG_WARN_DIRECT_OBJC_ISA_USAGE = YES_ERROR;
				CLANG_WARN_DOCUMENTATION_COMMENTS = YES;
				CLANG_WARN_EMPTY_BODY = YES;
				CLANG_WARN_ENUM_CONVERSION = YES;
				CLANG_WARN_INFINITE_RECURSION = YES;
				CLANG_WARN_INT_CONVERSION = YES;
				CLANG_WARN_NON_LITERAL_NULL_CONVERSION = YES;
				CLANG_WARN_OBJC_LITERAL_CONVERSION = YES;
				CLANG_WARN_OBJC_ROOT_CLASS = YES_ERROR;
				CLANG_WARN_RANGE_LOOP_ANALYSIS = YES;
				CLANG_WARN_STRICT_PROTOTYPES = YES;
				CLANG_WARN_SUSPICIOUS_MOVE = YES;
				CLANG_WARN_UNGUARDED_AVAILABILITY = YES_AGGRESSIVE;
				CLANG_WARN_UNREACHABLE_CODE = YES;
				CLANG_WARN__DUPLICATE_METHOD_MATCH = YES;
				CODE_SIGN_IDENTITY = "iPhone Developer";
				COPY_PHASE_STRIP = NO;
				DEBUG_INFORMATION_FORMAT = dwarf;
				ENABLE_STRICT_OBJC_MSGSEND = YES;
				ENABLE_TESTABILITY = YES;
				GCC_C_LANGUAGE_STANDARD = gnu11;
				GCC_DYNAMIC_NO_PIC = NO;
				GCC_NO_COMMON_BLOCKS = YES;
				GCC_OPTIMIZATION_LEVEL = 0;
				GCC_PREPROCESSOR_DEFINITIONS = (
					"DEBUG=1",
					"$(inherited)",
				);
				GCC_WARN_64_TO_32_BIT_CONVERSION = YES;
				GCC_WARN_ABOUT_RETURN_TYPE = YES_ERROR;
				GCC_WARN_UNDECLARED_SELECTOR = YES;
				GCC_WARN_UNINITIALIZED_AUTOS = YES_AGGRESSIVE;
				GCC_WARN_UNUSED_FUNCTION = YES;
				GCC_WARN_UNUSED_VARIABLE = YES;
				IPHONEOS_DEPLOYMENT_TARGET = 11.2;
				MTL_ENABLE_DEBUG_INFO = YES;
				ONLY_ACTIVE_ARCH = YES;
				SDKROOT = iphoneos;
				SWIFT_ACTIVE_COMPILATION_CONDITIONS = DEBUG;
				SWIFT_OPTIMIZATION_LEVEL = "-Onone";
			};
			name = Debug;
		};
		1B7B48EB20081ACB0037C7CE /* Release */ = {
			isa = XCBuildConfiguration;
			buildSettings = {
				ALWAYS_SEARCH_USER_PATHS = NO;
				CLANG_ANALYZER_NONNULL = YES;
				CLANG_ANALYZER_NUMBER_OBJECT_CONVERSION = YES_AGGRESSIVE;
				CLANG_CXX_LANGUAGE_STANDARD = "gnu++14";
				CLANG_CXX_LIBRARY = "libc++";
				CLANG_ENABLE_MODULES = YES;
				CLANG_ENABLE_OBJC_ARC = YES;
				CLANG_WARN_BLOCK_CAPTURE_AUTORELEASING = YES;
				CLANG_WARN_BOOL_CONVERSION = YES;
				CLANG_WARN_COMMA = YES;
				CLANG_WARN_CONSTANT_CONVERSION = YES;
				CLANG_WARN_DIRECT_OBJC_ISA_USAGE = YES_ERROR;
				CLANG_WARN_DOCUMENTATION_COMMENTS = YES;
				CLANG_WARN_EMPTY_BODY = YES;
				CLANG_WARN_ENUM_CONVERSION = YES;
				CLANG_WARN_INFINITE_RECURSION = YES;
				CLANG_WARN_INT_CONVERSION = YES;
				CLANG_WARN_NON_LITERAL_NULL_CONVERSION = YES;
				CLANG_WARN_OBJC_LITERAL_CONVERSION = YES;
				CLANG_WARN_OBJC_ROOT_CLASS = YES_ERROR;
				CLANG_WARN_RANGE_LOOP_ANALYSIS = YES;
				CLANG_WARN_STRICT_PROTOTYPES = YES;
				CLANG_WARN_SUSPICIOUS_MOVE = YES;
				CLANG_WARN_UNGUARDED_AVAILABILITY = YES_AGGRESSIVE;
				CLANG_WARN_UNREACHABLE_CODE = YES;
				CLANG_WARN__DUPLICATE_METHOD_MATCH = YES;
				CODE_SIGN_IDENTITY = "iPhone Developer";
				COPY_PHASE_STRIP = NO;
				DEBUG_INFORMATION_FORMAT = "dwarf-with-dsym";
				ENABLE_NS_ASSERTIONS = NO;
				ENABLE_STRICT_OBJC_MSGSEND = YES;
				GCC_C_LANGUAGE_STANDARD = gnu11;
				GCC_NO_COMMON_BLOCKS = YES;
				GCC_WARN_64_TO_32_BIT_CONVERSION = YES;
				GCC_WARN_ABOUT_RETURN_TYPE = YES_ERROR;
				GCC_WARN_UNDECLARED_SELECTOR = YES;
				GCC_WARN_UNINITIALIZED_AUTOS = YES_AGGRESSIVE;
				GCC_WARN_UNUSED_FUNCTION = YES;
				GCC_WARN_UNUSED_VARIABLE = YES;
				IPHONEOS_DEPLOYMENT_TARGET = 11.2;
				MTL_ENABLE_DEBUG_INFO = NO;
				SDKROOT = iphoneos;
				SWIFT_OPTIMIZATION_LEVEL = "-Owholemodule";
				VALIDATE_PRODUCT = YES;
			};
			name = Release;
		};
		1B7B48ED20081ACB0037C7CE /* Debug */ = {
			isa = XCBuildConfiguration;
			buildSettings = {
				ASSETCATALOG_COMPILER_APPICON_NAME = AppIcon;
				CODE_SIGN_STYLE = Automatic;
				DEVELOPMENT_TEAM = GMU6W6K8X6;
				INFOPLIST_FILE = "reusable-table-view/Info.plist";
				LD_RUNPATH_SEARCH_PATHS = "$(inherited) @executable_path/Frameworks";
				PRODUCT_BUNDLE_IDENTIFIER = "com.szostakowski.reusable-table-view";
				PRODUCT_NAME = "$(TARGET_NAME)";
				SWIFT_VERSION = 4.0;
				TARGETED_DEVICE_FAMILY = "1,2";
			};
			name = Debug;
		};
		1B7B48EE20081ACB0037C7CE /* Release */ = {
			isa = XCBuildConfiguration;
			buildSettings = {
				ASSETCATALOG_COMPILER_APPICON_NAME = AppIcon;
				CODE_SIGN_STYLE = Automatic;
				DEVELOPMENT_TEAM = GMU6W6K8X6;
				INFOPLIST_FILE = "reusable-table-view/Info.plist";
				LD_RUNPATH_SEARCH_PATHS = "$(inherited) @executable_path/Frameworks";
				PRODUCT_BUNDLE_IDENTIFIER = "com.szostakowski.reusable-table-view";
				PRODUCT_NAME = "$(TARGET_NAME)";
				SWIFT_VERSION = 4.0;
				TARGETED_DEVICE_FAMILY = "1,2";
			};
			name = Release;
		};
/* End XCBuildConfiguration section */

/* Begin XCConfigurationList section */
		1B7B48D520081ACA0037C7CE /* Build configuration list for PBXProject "reusable-table-view" */ = {
			isa = XCConfigurationList;
			buildConfigurations = (
				1B7B48EA20081ACB0037C7CE /* Debug */,
				1B7B48EB20081ACB0037C7CE /* Release */,
			);
			defaultConfigurationIsVisible = 0;
			defaultConfigurationName = Release;
		};
		1B7B48EC20081ACB0037C7CE /* Build configuration list for PBXNativeTarget "reusable-table-view" */ = {
			isa = XCConfigurationList;
			buildConfigurations = (
				1B7B48ED20081ACB0037C7CE /* Debug */,
				1B7B48EE20081ACB0037C7CE /* Release */,
			);
			defaultConfigurationIsVisible = 0;
			defaultConfigurationName = Release;
		};
/* End XCConfigurationList section */
	};
	rootObject = 1B7B48D220081ACA0037C7CE /* Project object */;
}
